{
  "lockfileVersion": 1,
  "configVersion": 0,
  "workspaces": {
    "": {
      "name": "camerashuttercount",
      "dependencies": {
        "preact": "^10.28.3",
        "simpledotcss": "^2.3.7",
      },
      "devDependencies": {
        "@types/w3c-web-usb": "^1.0.13",
      },
      "peerDependencies": {
        "typescript": "^5",
      },
    },
  },
  "packages": {
    "@types/w3c-web-usb": ["@types/w3c-web-usb@1.0.13", "", {}, "sha512-N2nSl3Xsx8mRHZBvMSdNGtzMyeleTvtlEw+ujujgXalPqOjIA6UtrqcB6OzyUjkTbDm3J7P1RNK1lgoO7jxtsw=="],

    "preact": ["preact@10.28.3", "", {}, "sha512-tCmoRkPQLpBeWzpmbhryairGnhW9tKV6c6gr/w+RhoRoKEJwsjzipwp//1oCpGPOchvSLaAPlpcJi9MwMmoPyA=="],

    "simpledotcss": ["simpledotcss@2.3.7", "", {}, "sha512-Ag3TpigN7725AnvgwyGkErd50SuYmlDQRU+9LLNHUIK8T4DUEWPHut6GpD1ivxARrBd8eYGTL8vzKazVFYUpQg=="],

    "typescript": ["typescript@5.9.3", "", { "bin": { "tsc": "bin/tsc", "tsserver": "bin/tsserver" } }, "sha512-jl1vZzPDinLr9eUt3J/t7V6FgNEw9QjvBPdysz9KfQDD41fQrC2Y4vKQdiaUpFT4bXlb1RHhLpp8wtm6M5TgSw=="],
  }
}
